
Microsoft Visual Studio Solution File, Format Version 12.00
# Visual Studio 15
VisualStudioVersion = 15.0.28307.852
MinimumVisualStudioVersion = 10.0.40219.1
Project("{9A19103F-16F7-4668-BE54-9A1E7A4F7556}") = "KingOffice", "KingOffice\KingOffice.csproj", "{2D41F7FB-79F2-4C57-9865-694DD35813AD}"
EndProject
Project("{9A19103F-16F7-4668-BE54-9A1E7A4F7556}") = "Repository", "Repository\Repository.csproj", "{D8BE2EE5-52CE-4019-9E4F-376446218C53}"
EndProject
Project("{9A19103F-16F7-4668-BE54-9A1E7A4F7556}") = "Business", "Business\Business.csproj", "{2875CDBE-4875-4F5D-AC99-DC7F7ECC73FC}"
EndProject
Project("{9A19103F-16F7-4668-BE54-9A1E7A4F7556}") = "Entity", "Entity\Entity.csproj", "{FBEF0C23-E566-400E-9D65-3DB6E8EA2379}"
EndProject
Project("{9A19103F-16F7-4668-BE54-9A1E7A4F7556}") = "F88ServiceApi", "F88ServiceApi\F88ServiceApi.csproj", "{7A690354-3519-48C9-9740-E64C900B9E52}"
EndProject
Project("{9A19103F-16F7-4668-BE54-9A1E7A4F7556}") = "HttpHelper", "HttpHelper\HttpHelper.csproj", "{4E403935-2F69-46C7-A6F1-CB2C3BFCB1C8}"
EndProject
Project("{FAE04EC0-301F-11D3-BF4B-00C04F79EFBC}") = "ExcelUtility", "ExcelUtility\ExcelUtility.csproj", "{150DB005-A138-4BCA-9226-53EE12CDB48D}"
EndProject
Global
	GlobalSection(SolutionConfigurationPlatforms) = preSolution
		Debug|Any CPU = Debug|Any CPU
		Release|Any CPU = Release|Any CPU
	EndGlobalSection
	GlobalSection(ProjectConfigurationPlatforms) = postSolution
		{2D41F7FB-79F2-4C57-9865-694DD35813AD}.Debug|Any CPU.ActiveCfg = Debug|Any CPU
		{2D41F7FB-79F2-4C57-9865-694DD35813AD}.Debug|Any CPU.Build.0 = Debug|Any CPU
		{2D41F7FB-79F2-4C57-9865-694DD35813AD}.Release|Any CPU.ActiveCfg = Release|Any CPU
		{2D41F7FB-79F2-4C57-9865-694DD35813AD}.Release|Any CPU.Build.0 = Release|Any CPU
		{D8BE2EE5-52CE-4019-9E4F-376446218C53}.Debug|Any CPU.ActiveCfg = Debug|Any CPU
		{D8BE2EE5-52CE-4019-9E4F-376446218C53}.Debug|Any CPU.Build.0 = Debug|Any CPU
		{D8BE2EE5-52CE-4019-9E4F-376446218C53}.Release|Any CPU.ActiveCfg = Release|Any CPU
		{D8BE2EE5-52CE-4019-9E4F-376446218C53}.Release|Any CPU.Build.0 = Release|Any CPU
		{2875CDBE-4875-4F5D-AC99-DC7F7ECC73FC}.Debug|Any CPU.ActiveCfg = Debug|Any CPU
		{2875CDBE-4875-4F5D-AC99-DC7F7ECC73FC}.Debug|Any CPU.Build.0 = Debug|Any CPU
		{2875CDBE-4875-4F5D-AC99-DC7F7ECC73FC}.Release|Any CPU.ActiveCfg = Release|Any CPU
		{2875CDBE-4875-4F5D-AC99-DC7F7ECC73FC}.Release|Any CPU.Build.0 = Release|Any CPU
		{FBEF0C23-E566-400E-9D65-3DB6E8EA2379}.Debug|Any CPU.ActiveCfg = Debug|Any CPU
		{FBEF0C23-E566-400E-9D65-3DB6E8EA2379}.Debug|Any CPU.Build.0 = Debug|Any CPU
		{FBEF0C23-E566-400E-9D65-3DB6E8EA2379}.Release|Any CPU.ActiveCfg = Release|Any CPU
		{FBEF0C23-E566-400E-9D65-3DB6E8EA2379}.Release|Any CPU.Build.0 = Release|Any CPU
		{7A690354-3519-48C9-9740-E64C900B9E52}.Debug|Any CPU.ActiveCfg = Debug|Any CPU
		{7A690354-3519-48C9-9740-E64C900B9E52}.Debug|Any CPU.Build.0 = Debug|Any CPU
		{7A690354-3519-48C9-9740-E64C900B9E52}.Release|Any CPU.ActiveCfg = Release|Any CPU
		{7A690354-3519-48C9-9740-E64C900B9E52}.Release|Any CPU.Build.0 = Release|Any CPU
		{4E403935-2F69-46C7-A6F1-CB2C3BFCB1C8}.Debug|Any CPU.ActiveCfg = Debug|Any CPU
		{4E403935-2F69-46C7-A6F1-CB2C3BFCB1C8}.Debug|Any CPU.Build.0 = Debug|Any CPU
		{4E403935-2F69-46C7-A6F1-CB2C3BFCB1C8}.Release|Any CPU.ActiveCfg = Release|Any CPU
		{4E403935-2F69-46C7-A6F1-CB2C3BFCB1C8}.Release|Any CPU.Build.0 = Release|Any CPU
		{150DB005-A138-4BCA-9226-53EE12CDB48D}.Debug|Any CPU.ActiveCfg = Debug|Any CPU
		{150DB005-A138-4BCA-9226-53EE12CDB48D}.Debug|Any CPU.Build.0 = Debug|Any CPU
		{150DB005-A138-4BCA-9226-53EE12CDB48D}.Release|Any CPU.ActiveCfg = Release|Any CPU
		{150DB005-A138-4BCA-9226-53EE12CDB48D}.Release|Any CPU.Build.0 = Release|Any CPU
	EndGlobalSection
	GlobalSection(SolutionProperties) = preSolution
		HideSolutionNode = FALSE
	EndGlobalSection
	GlobalSection(ExtensibilityGlobals) = postSolution
		SolutionGuid = {5991CD64-A4CE-4C57-8F50-8DBD5025BE28}
	EndGlobalSection
EndGlobal
